
Microsoft Visual Studio Solution File, Format Version 12.00
# Visual Studio Version 16
VisualStudioVersion = 16.0.29806.167
MinimumVisualStudioVersion = 10.0.40219.1
Project("{9A19103F-16F7-4668-BE54-9A1E7A4F7556}") = "Idoneus", "Idoneus\Idoneus.csproj", "{1514FC77-751F-4127-A148-91AEE6DAAA88}"
EndProject
Project("{9A19103F-16F7-4668-BE54-9A1E7A4F7556}") = "Domain", "Domain\Domain.csproj", "{705AB001-3522-4A82-8C91-256B1D877099}"
EndProject
Project("{9A19103F-16F7-4668-BE54-9A1E7A4F7556}") = "Common", "Common\Common.csproj", "{40BF4647-F5FB-45F0-91A4-87AD3A332257}"
EndProject
Project("{9A19103F-16F7-4668-BE54-9A1E7A4F7556}") = "Idoneust.Test", "Idoneust.Test\Idoneust.Test.csproj", "{30EC9825-2B38-42B1-8200-3FEB059D0A35}"
EndProject
Project("{9A19103F-16F7-4668-BE54-9A1E7A4F7556}") = "DataProcessor", "DataProcessor.cs\DataProcessor.csproj", "{14D92E87-5F1D-4EB8-915B-2D45845A6DBA}"
EndProject
Global
	GlobalSection(SolutionConfigurationPlatforms) = preSolution
		Debug|Any CPU = Debug|Any CPU
		Release|Any CPU = Release|Any CPU
	EndGlobalSection
	GlobalSection(ProjectConfigurationPlatforms) = postSolution
		{1514FC77-751F-4127-A148-91AEE6DAAA88}.Debug|Any CPU.ActiveCfg = Debug|Any CPU
		{1514FC77-751F-4127-A148-91AEE6DAAA88}.Debug|Any CPU.Build.0 = Debug|Any CPU
		{1514FC77-751F-4127-A148-91AEE6DAAA88}.Release|Any CPU.ActiveCfg = Release|Any CPU
		{1514FC77-751F-4127-A148-91AEE6DAAA88}.Release|Any CPU.Build.0 = Release|Any CPU
		{705AB001-3522-4A82-8C91-256B1D877099}.Debug|Any CPU.ActiveCfg = Debug|Any CPU
		{705AB001-3522-4A82-8C91-256B1D877099}.Debug|Any CPU.Build.0 = Debug|Any CPU
		{705AB001-3522-4A82-8C91-256B1D877099}.Release|Any CPU.ActiveCfg = Release|Any CPU
		{705AB001-3522-4A82-8C91-256B1D877099}.Release|Any CPU.Build.0 = Release|Any CPU
		{40BF4647-F5FB-45F0-91A4-87AD3A332257}.Debug|Any CPU.ActiveCfg = Debug|Any CPU
		{40BF4647-F5FB-45F0-91A4-87AD3A332257}.Debug|Any CPU.Build.0 = Debug|Any CPU
		{40BF4647-F5FB-45F0-91A4-87AD3A332257}.Release|Any CPU.ActiveCfg = Release|Any CPU
		{40BF4647-F5FB-45F0-91A4-87AD3A332257}.Release|Any CPU.Build.0 = Release|Any CPU
		{30EC9825-2B38-42B1-8200-3FEB059D0A35}.Debug|Any CPU.ActiveCfg = Debug|Any CPU
		{30EC9825-2B38-42B1-8200-3FEB059D0A35}.Debug|Any CPU.Build.0 = Debug|Any CPU
		{30EC9825-2B38-42B1-8200-3FEB059D0A35}.Release|Any CPU.ActiveCfg = Release|Any CPU
		{30EC9825-2B38-42B1-8200-3FEB059D0A35}.Release|Any CPU.Build.0 = Release|Any CPU
		{14D92E87-5F1D-4EB8-915B-2D45845A6DBA}.Debug|Any CPU.ActiveCfg = Debug|Any CPU
		{14D92E87-5F1D-4EB8-915B-2D45845A6DBA}.Debug|Any CPU.Build.0 = Debug|Any CPU
		{14D92E87-5F1D-4EB8-915B-2D45845A6DBA}.Release|Any CPU.ActiveCfg = Release|Any CPU
		{14D92E87-5F1D-4EB8-915B-2D45845A6DBA}.Release|Any CPU.Build.0 = Release|Any CPU
	EndGlobalSection
	GlobalSection(SolutionProperties) = preSolution
		HideSolutionNode = FALSE
	EndGlobalSection
	GlobalSection(ExtensibilityGlobals) = postSolution
		SolutionGuid = {E158A9D3-E0DA-453B-919F-D5FA405D786C}
	EndGlobalSection
EndGlobal
